
Microsoft Visual Studio Solution File, Format Version 12.00
# Visual Studio Version 16
VisualStudioVersion = 16.0.31515.178
MinimumVisualStudioVersion = 10.0.40219.1
Project("{FAE04EC0-301F-11D3-BF4B-00C04F79EFBC}") = "GitHubWebApp", "GitHubWebApp\GitHubWebApp.csproj", "{68A4A95E-F8BF-414A-8AEF-59F5962AC8AD}"
EndProject
Global
	GlobalSection(SolutionConfigurationPlatforms) = preSolution
		Debug|Any CPU = Debug|Any CPU
		Release|Any CPU = Release|Any CPU
	EndGlobalSection
	GlobalSection(ProjectConfigurationPlatforms) = postSolution
		{68A4A95E-F8BF-414A-8AEF-59F5962AC8AD}.Debug|Any CPU.ActiveCfg = Debug|Any CPU
		{68A4A95E-F8BF-414A-8AEF-59F5962AC8AD}.Debug|Any CPU.Build.0 = Debug|Any CPU
		{68A4A95E-F8BF-414A-8AEF-59F5962AC8AD}.Release|Any CPU.ActiveCfg = Release|Any CPU
		{68A4A95E-F8BF-414A-8AEF-59F5962AC8AD}.Release|Any CPU.Build.0 = Release|Any CPU
	EndGlobalSection
	GlobalSection(SolutionProperties) = preSolution
		HideSolutionNode = FALSE
	EndGlobalSection
	GlobalSection(ExtensibilityGlobals) = postSolution
		SolutionGuid = {C4DE602E-E9FB-45E8-AA2B-12BFF3EE2D61}
	EndGlobalSection
EndGlobal
